
Microsoft Visual Studio Solution File, Format Version 12.00
# Visual Studio Version 16
VisualStudioVersion = 16.0.30225.117
MinimumVisualStudioVersion = 10.0.40219.1
Project("{FAE04EC0-301F-11D3-BF4B-00C04F79EFBC}") = "DiplRad", "DiplRad\DiplRad.csproj", "{217DF733-24C3-4CB8-AFC9-E7B1689CC11D}"
EndProject
Project("{2150E333-8FDC-42A3-9474-1A3956D46DE8}") = "Solution Items", "Solution Items", "{AAD5F0D3-B85C-42EB-9358-8669ECD10FC0}"
EndProject
Global
	GlobalSection(SolutionConfigurationPlatforms) = preSolution
		Debug|Any CPU = Debug|Any CPU
		Debug|x64 = Debug|x64
		Release|Any CPU = Release|Any CPU
		Release|x64 = Release|x64
	EndGlobalSection
	GlobalSection(ProjectConfigurationPlatforms) = postSolution
		{217DF733-24C3-4CB8-AFC9-E7B1689CC11D}.Debug|Any CPU.ActiveCfg = Debug|Any CPU
		{217DF733-24C3-4CB8-AFC9-E7B1689CC11D}.Debug|Any CPU.Build.0 = Debug|Any CPU
		{217DF733-24C3-4CB8-AFC9-E7B1689CC11D}.Debug|x64.ActiveCfg = Debug|x64
		{217DF733-24C3-4CB8-AFC9-E7B1689CC11D}.Debug|x64.Build.0 = Debug|x64
		{217DF733-24C3-4CB8-AFC9-E7B1689CC11D}.Release|Any CPU.ActiveCfg = Release|Any CPU
		{217DF733-24C3-4CB8-AFC9-E7B1689CC11D}.Release|Any CPU.Build.0 = Release|Any CPU
		{217DF733-24C3-4CB8-AFC9-E7B1689CC11D}.Release|x64.ActiveCfg = Release|x64
		{217DF733-24C3-4CB8-AFC9-E7B1689CC11D}.Release|x64.Build.0 = Release|x64
	EndGlobalSection
	GlobalSection(SolutionProperties) = preSolution
		HideSolutionNode = FALSE
	EndGlobalSection
	GlobalSection(ExtensibilityGlobals) = postSolution
		SolutionGuid = {23E97000-A3CB-4C69-924C-00AB94F904F3}
	EndGlobalSection
EndGlobal
